// !$*UTF8*$!
{
	archiveVersion = 1;
	classes = {
	};
	objectVersion = 46;
	objects = {

/* Begin PBXBuildFile section */
		F7ADAA5F1F1796D900F95520 /* AppDelegate.swift in Sources */ = {isa = PBXBuildFile; fileRef = F7ADAA5E1F1796D900F95520 /* AppDelegate.swift */; };
		F7ADAA611F1796D900F95520 /* JokesViewController.swift in Sources */ = {isa = PBXBuildFile; fileRef = F7ADAA601F1796D900F95520 /* JokesViewController.swift */; };
		F7ADAA641F1796D900F95520 /* Main.storyboard in Resources */ = {isa = PBXBuildFile; fileRef = F7ADAA621F1796D900F95520 /* Main.storyboard */; };
		F7ADAA661F1796D900F95520 /* Assets.xcassets in Resources */ = {isa = PBXBuildFile; fileRef = F7ADAA651F1796D900F95520 /* Assets.xcassets */; };
		F7ADAA691F1796D900F95520 /* LaunchScreen.storyboard in Resources */ = {isa = PBXBuildFile; fileRef = F7ADAA671F1796D900F95520 /* LaunchScreen.storyboard */; };
		F7ADAA741F1796D900F95520 /* ChuckNorrisJokesMVVMTests.swift in Sources */ = {isa = PBXBuildFile; fileRef = F7ADAA731F1796D900F95520 /* ChuckNorrisJokesMVVMTests.swift */; };
		F7ADAA7F1F1796D900F95520 /* ChuckNorrisJokesMVVMUITests.swift in Sources */ = {isa = PBXBuildFile; fileRef = F7ADAA7E1F1796D900F95520 /* ChuckNorrisJokesMVVMUITests.swift */; };
		F7E5BF131F18F30F0024562F /* JokesViewModel.swift in Sources */ = {isa = PBXBuildFile; fileRef = F7E5BF121F18F30F0024562F /* JokesViewModel.swift */; };
/* End PBXBuildFile section */

/* Begin PBXContainerItemProxy section */
		F7ADAA701F1796D900F95520 /* PBXContainerItemProxy */ = {
			isa = PBXContainerItemProxy;
			containerPortal = F7ADAA531F1796D900F95520 /* Project object */;
			proxyType = 1;
			remoteGlobalIDString = F7ADAA5A1F1796D900F95520;
			remoteInfo = ChuckNorrisJokesMVVM;
		};
		F7ADAA7B1F1796D900F95520 /* PBXContainerItemProxy */ = {
			isa = PBXContainerItemProxy;
			containerPortal = F7ADAA531F1796D900F95520 /* Project object */;
			proxyType = 1;
			remoteGlobalIDString = F7ADAA5A1F1796D900F95520;
			remoteInfo = ChuckNorrisJokesMVVM;
		};
/* End PBXContainerItemProxy section */

/* Begin PBXFileReference section */
		0250B607BD280A0A42D01271 /* Pods-ChuckNorrisJokesMVVM.debug.xcconfig */ = {isa = PBXFileReference; includeInIndex = 1; lastKnownFileType = text.xcconfig; name = "Pods-ChuckNorrisJokesMVVM.debug.xcconfig"; path = "Pods/Target Support Files/Pods-ChuckNorrisJokesMVVM/Pods-ChuckNorrisJokesMVVM.debug.xcconfig"; sourceTree = "<group>"; };
		1473DEE23882261F588316EA /* Pods-ChuckNorrisJokesMVVMUITests.debug.xcconfig */ = {isa = PBXFileReference; includeInIndex = 1; lastKnownFileType = text.xcconfig; name = "Pods-ChuckNorrisJokesMVVMUITests.debug.xcconfig"; path = "Pods/Target Support Files/Pods-ChuckNorrisJokesMVVMUITests/Pods-ChuckNorrisJokesMVVMUITests.debug.xcconfig"; sourceTree = "<group>"; };
		2DDD7F8C54D24AFD670963D2 /* Pods-ChuckNorrisJokesMVVMTests.release.xcconfig */ = {isa = PBXFileReference; includeInIndex = 1; lastKnownFileType = text.xcconfig; name = "Pods-ChuckNorrisJokesMVVMTests.release.xcconfig"; path = "Pods/Target Support Files/Pods-ChuckNorrisJokesMVVMTests/Pods-ChuckNorrisJokesMVVMTests.release.xcconfig"; sourceTree = "<group>"; };
		2F8CDFD7865CEA4ABC263493 /* Pods-ChuckNorrisJokesMVVMTests.debug.xcconfig */ = {isa = PBXFileReference; includeInIndex = 1; lastKnownFileType = text.xcconfig; name = "Pods-ChuckNorrisJokesMVVMTests.debug.xcconfig"; path = "Pods/Target Support Files/Pods-ChuckNorrisJokesMVVMTests/Pods-ChuckNorrisJokesMVVMTests.debug.xcconfig"; sourceTree = "<group>"; };
		7608F3082E33905388033BC6 /* Pods-ChuckNorrisJokesMVVMUITests.release.xcconfig */ = {isa = PBXFileReference; includeInIndex = 1; lastKnownFileType = text.xcconfig; name = "Pods-ChuckNorrisJokesMVVMUITests.release.xcconfig"; path = "Pods/Target Support Files/Pods-ChuckNorrisJokesMVVMUITests/Pods-ChuckNorrisJokesMVVMUITests.release.xcconfig"; sourceTree = "<group>"; };
		B3DEDF605FCCA56573F05934 /* Pods-ChuckNorrisJokesMVVM.release.xcconfig */ = {isa = PBXFileReference; includeInIndex = 1; lastKnownFileType = text.xcconfig; name = "Pods-ChuckNorrisJokesMVVM.release.xcconfig"; path = "Pods/Target Support Files/Pods-ChuckNorrisJokesMVVM/Pods-ChuckNorrisJokesMVVM.release.xcconfig"; sourceTree = "<group>"; };
		F7ADAA5B1F1796D900F95520 /* ChuckNorrisJokesMVVM.app */ = {isa = PBXFileReference; explicitFileType = wrapper.application; includeInIndex = 0; path = ChuckNorrisJokesMVVM.app; sourceTree = BUILT_PRODUCTS_DIR; };
		F7ADAA5E1F1796D900F95520 /* AppDelegate.swift */ = {isa = PBXFileReference; lastKnownFileType = sourcecode.swift; path = AppDelegate.swift; sourceTree = "<group>"; };
		F7ADAA601F1796D900F95520 /* JokesViewController.swift */ = {isa = PBXFileReference; lastKnownFileType = sourcecode.swift; path = JokesViewController.swift; sourceTree = "<group>"; };
		F7ADAA631F1796D900F95520 /* Base */ = {isa = PBXFileReference; lastKnownFileType = file.storyboard; name = Base; path = Base.lproj/Main.storyboard; sourceTree = "<group>"; };
		F7ADAA651F1796D900F95520 /* Assets.xcassets */ = {isa = PBXFileReference; lastKnownFileType = folder.assetcatalog; path = Assets.xcassets; sourceTree = "<group>"; };
		F7ADAA681F1796D900F95520 /* Base */ = {isa = PBXFileReference; lastKnownFileType = file.storyboard; name = Base; path = Base.lproj/LaunchScreen.storyboard; sourceTree = "<group>"; };
		F7ADAA6A1F1796D900F95520 /* Info.plist */ = {isa = PBXFileReference; lastKnownFileType = text.plist.xml; path = Info.plist; sourceTree = "<group>"; };
		F7ADAA6F1F1796D900F95520 /* ChuckNorrisJokesMVVMTests.xctest */ = {isa = PBXFileReference; explicitFileType = wrapper.cfbundle; includeInIndex = 0; path = ChuckNorrisJokesMVVMTests.xctest; sourceTree = BUILT_PRODUCTS_DIR; };
		F7ADAA731F1796D900F95520 /* ChuckNorrisJokesMVVMTests.swift */ = {isa = PBXFileReference; lastKnownFileType = sourcecode.swift; path = ChuckNorrisJokesMVVMTests.swift; sourceTree = "<group>"; };
		F7ADAA751F1796D900F95520 /* Info.plist */ = {isa = PBXFileReference; lastKnownFileType = text.plist.xml; path = Info.plist; sourceTree = "<group>"; };
		F7ADAA7A1F1796D900F95520 /* ChuckNorrisJokesMVVMUITests.xctest */ = {isa = PBXFileReference; explicitFileType = wrapper.cfbundle; includeInIndex = 0; path = ChuckNorrisJokesMVVMUITests.xctest; sourceTree = BUILT_PRODUCTS_DIR; };
		F7ADAA7E1F1796D900F95520 /* ChuckNorrisJokesMVVMUITests.swift */ = {isa = PBXFileReference; lastKnownFileType = sourcecode.swift; path = ChuckNorrisJokesMVVMUITests.swift; sourceTree = "<group>"; };
		F7ADAA801F1796D900F95520 /* Info.plist */ = {isa = PBXFileReference; lastKnownFileType = text.plist.xml; path = Info.plist; sourceTree = "<group>"; };
		F7E5BF121F18F30F0024562F /* JokesViewModel.swift */ = {isa = PBXFileReference; fileEncoding = 4; lastKnownFileType = sourcecode.swift; path = JokesViewModel.swift; sourceTree = "<group>"; };
/* End PBXFileReference section */

/* Begin PBXFrameworksBuildPhase section */
		F7ADAA581F1796D900F95520 /* Frameworks */ = {
			isa = PBXFrameworksBuildPhase;
			buildActionMask = 2147483647;
			files = (
			);
			runOnlyForDeploymentPostprocessing = 0;
		};
		F7ADAA6C1F1796D900F95520 /* Frameworks */ = {
			isa = PBXFrameworksBuildPhase;
			buildActionMask = 2147483647;
			files = (
			);
			runOnlyForDeploymentPostprocessing = 0;
		};
		F7ADAA771F1796D900F95520 /* Frameworks */ = {
			isa = PBXFrameworksBuildPhase;
			buildActionMask = 2147483647;
			files = (
			);
			runOnlyForDeploymentPostprocessing = 0;
		};
/* End PBXFrameworksBuildPhase section */

/* Begin PBXGroup section */
		2E4F10D70D7B0E3B4E29C8D5 /* Pods */ = {
			isa = PBXGroup;
			children = (
				0250B607BD280A0A42D01271 /* Pods-ChuckNorrisJokesMVVM.debug.xcconfig */,
				B3DEDF605FCCA56573F05934 /* Pods-ChuckNorrisJokesMVVM.release.xcconfig */,
				2F8CDFD7865CEA4ABC263493 /* Pods-ChuckNorrisJokesMVVMTests.debug.xcconfig */,
				2DDD7F8C54D24AFD670963D2 /* Pods-ChuckNorrisJokesMVVMTests.release.xcconfig */,
				1473DEE23882261F588316EA /* Pods-ChuckNorrisJokesMVVMUITests.debug.xcconfig */,
				7608F3082E33905388033BC6 /* Pods-ChuckNorrisJokesMVVMUITests.release.xcconfig */,
			);
			name = Pods;
			sourceTree = "<group>";
		};
		F7ADAA521F1796D900F95520 = {
			isa = PBXGroup;
			children = (
				F7ADAA5D1F1796D900F95520 /* ChuckNorrisJokesMVVM */,
				F7ADAA721F1796D900F95520 /* ChuckNorrisJokesMVVMTests */,
				F7ADAA7D1F1796D900F95520 /* ChuckNorrisJokesMVVMUITests */,
				2E4F10D70D7B0E3B4E29C8D5 /* Pods */,
				F7ADAA5C1F1796D900F95520 /* Products */,
			);
			sourceTree = "<group>";
		};
		F7ADAA5C1F1796D900F95520 /* Products */ = {
			isa = PBXGroup;
			children = (
				F7ADAA5B1F1796D900F95520 /* ChuckNorrisJokesMVVM.app */,
				F7ADAA6F1F1796D900F95520 /* ChuckNorrisJokesMVVMTests.xctest */,
				F7ADAA7A1F1796D900F95520 /* ChuckNorrisJokesMVVMUITests.xctest */,
			);
			name = Products;
			sourceTree = "<group>";
		};
		F7ADAA5D1F1796D900F95520 /* ChuckNorrisJokesMVVM */ = {
			isa = PBXGroup;
			children = (
				F7E5BF111F1892670024562F /* JokesList */,
				F7ADAA5E1F1796D900F95520 /* AppDelegate.swift */,
				F7ADAA651F1796D900F95520 /* Assets.xcassets */,
				F7ADAA6A1F1796D900F95520 /* Info.plist */,
				F7ADAA671F1796D900F95520 /* LaunchScreen.storyboard */,
				F7ADAA621F1796D900F95520 /* Main.storyboard */,
			);
			path = ChuckNorrisJokesMVVM;
			sourceTree = "<group>";
		};
		F7ADAA721F1796D900F95520 /* ChuckNorrisJokesMVVMTests */ = {
			isa = PBXGroup;
			children = (
				F7ADAA731F1796D900F95520 /* ChuckNorrisJokesMVVMTests.swift */,
				F7ADAA751F1796D900F95520 /* Info.plist */,
			);
			path = ChuckNorrisJokesMVVMTests;
			sourceTree = "<group>";
		};
		F7ADAA7D1F1796D900F95520 /* ChuckNorrisJokesMVVMUITests */ = {
			isa = PBXGroup;
			children = (
				F7ADAA7E1F1796D900F95520 /* ChuckNorrisJokesMVVMUITests.swift */,
				F7ADAA801F1796D900F95520 /* Info.plist */,
			);
			path = ChuckNorrisJokesMVVMUITests;
			sourceTree = "<group>";
		};
		F7E5BF111F1892670024562F /* JokesList */ = {
			isa = PBXGroup;
			children = (
				F7ADAA601F1796D900F95520 /* JokesViewController.swift */,
				F7E5BF121F18F30F0024562F /* JokesViewModel.swift */,
			);
			path = JokesList;
			sourceTree = "<group>";
		};
/* End PBXGroup section */

/* Begin PBXNativeTarget section */
		F7ADAA5A1F1796D900F95520 /* ChuckNorrisJokesMVVM */ = {
			isa = PBXNativeTarget;
			buildConfigurationList = F7ADAA831F1796D900F95520 /* Build configuration list for PBXNativeTarget "ChuckNorrisJokesMVVM" */;
			buildPhases = (
				9E73E6DC86F46EF5B052A304 /* [CP] Check Pods Manifest.lock */,
				F7ADAA571F1796D900F95520 /* Sources */,
				F7ADAA581F1796D900F95520 /* Frameworks */,
				F7ADAA591F1796D900F95520 /* Resources */,
				F17B2891E56F40A1E5EBDDA8 /* [CP] Embed Pods Frameworks */,
				623CD2C061F0D6F485B8A465 /* [CP] Copy Pods Resources */,
			);
			buildRules = (
			);
			dependencies = (
			);
			name = ChuckNorrisJokesMVVM;
			productName = ChuckNorrisJokesMVVM;
			productReference = F7ADAA5B1F1796D900F95520 /* ChuckNorrisJokesMVVM.app */;
			productType = "com.apple.product-type.application";
		};
		F7ADAA6E1F1796D900F95520 /* ChuckNorrisJokesMVVMTests */ = {
			isa = PBXNativeTarget;
			buildConfigurationList = F7ADAA861F1796D900F95520 /* Build configuration list for PBXNativeTarget "ChuckNorrisJokesMVVMTests" */;
			buildPhases = (
				A5215ABCA1E83774C5B7DBC9 /* [CP] Check Pods Manifest.lock */,
				F7ADAA6B1F1796D900F95520 /* Sources */,
				F7ADAA6C1F1796D900F95520 /* Frameworks */,
				F7ADAA6D1F1796D900F95520 /* Resources */,
				20270DFA3AD61D81B1F69E1B /* [CP] Embed Pods Frameworks */,
				1757B6A551944EFFC2CA293F /* [CP] Copy Pods Resources */,
			);
			buildRules = (
			);
			dependencies = (
				F7ADAA711F1796D900F95520 /* PBXTargetDependency */,
			);
			name = ChuckNorrisJokesMVVMTests;
			productName = ChuckNorrisJokesMVVMTests;
			productReference = F7ADAA6F1F1796D900F95520 /* ChuckNorrisJokesMVVMTests.xctest */;
			productType = "com.apple.product-type.bundle.unit-test";
		};
		F7ADAA791F1796D900F95520 /* ChuckNorrisJokesMVVMUITests */ = {
			isa = PBXNativeTarget;
			buildConfigurationList = F7ADAA891F1796D900F95520 /* Build configuration list for PBXNativeTarget "ChuckNorrisJokesMVVMUITests" */;
			buildPhases = (
				42EB39F0F1B9D5E56E2E2497 /* [CP] Check Pods Manifest.lock */,
				F7ADAA761F1796D900F95520 /* Sources */,
				F7ADAA771F1796D900F95520 /* Frameworks */,
				F7ADAA781F1796D900F95520 /* Resources */,
				A87FB5A4FF28C7D07E44100F /* [CP] Embed Pods Frameworks */,
				56A13108FF77A3C73B040ABF /* [CP] Copy Pods Resources */,
			);
			buildRules = (
			);
			dependencies = (
				F7ADAA7C1F1796D900F95520 /* PBXTargetDependency */,
			);
			name = ChuckNorrisJokesMVVMUITests;
			productName = ChuckNorrisJokesMVVMUITests;
			productReference = F7ADAA7A1F1796D900F95520 /* ChuckNorrisJokesMVVMUITests.xctest */;
			productType = "com.apple.product-type.bundle.ui-testing";
		};
/* End PBXNativeTarget section */

/* Begin PBXProject section */
		F7ADAA531F1796D900F95520 /* Project object */ = {
			isa = PBXProject;
			attributes = {
				LastSwiftUpdateCheck = 0830;
				LastUpgradeCheck = 0830;
				ORGANIZATIONNAME = Dindonkey;
				TargetAttributes = {
					F7ADAA5A1F1796D900F95520 = {
						CreatedOnToolsVersion = 8.3.3;
						ProvisioningStyle = Automatic;
					};
					F7ADAA6E1F1796D900F95520 = {
						CreatedOnToolsVersion = 8.3.3;
						ProvisioningStyle = Automatic;
						TestTargetID = F7ADAA5A1F1796D900F95520;
					};
					F7ADAA791F1796D900F95520 = {
						CreatedOnToolsVersion = 8.3.3;
						ProvisioningStyle = Automatic;
						TestTargetID = F7ADAA5A1F1796D900F95520;
					};
				};
			};
			buildConfigurationList = F7ADAA561F1796D900F95520 /* Build configuration list for PBXProject "ChuckNorrisJokesMVVM" */;
			compatibilityVersion = "Xcode 3.2";
			developmentRegion = English;
			hasScannedForEncodings = 0;
			knownRegions = (
				en,
				Base,
			);
			mainGroup = F7ADAA521F1796D900F95520;
			productRefGroup = F7ADAA5C1F1796D900F95520 /* Products */;
			projectDirPath = "";
			projectRoot = "";
			targets = (
				F7ADAA5A1F1796D900F95520 /* ChuckNorrisJokesMVVM */,
				F7ADAA6E1F1796D900F95520 /* ChuckNorrisJokesMVVMTests */,
				F7ADAA791F1796D900F95520 /* ChuckNorrisJokesMVVMUITests */,
			);
		};
/* End PBXProject section */

/* Begin PBXResourcesBuildPhase section */
		F7ADAA591F1796D900F95520 /* Resources */ = {
			isa = PBXResourcesBuildPhase;
			buildActionMask = 2147483647;
			files = (
				F7ADAA691F1796D900F95520 /* LaunchScreen.storyboard in Resources */,
				F7ADAA661F1796D900F95520 /* Assets.xcassets in Resources */,
				F7ADAA641F1796D900F95520 /* Main.storyboard in Resources */,
			);
			runOnlyForDeploymentPostprocessing = 0;
		};
		F7ADAA6D1F1796D900F95520 /* Resources */ = {
			isa = PBXResourcesBuildPhase;
			buildActionMask = 2147483647;
			files = (
			);
			runOnlyForDeploymentPostprocessing = 0;
		};
		F7ADAA781F1796D900F95520 /* Resources */ = {
			isa = PBXResourcesBuildPhase;
			buildActionMask = 2147483647;
			files = (
			);
			runOnlyForDeploymentPostprocessing = 0;
		};
/* End PBXResourcesBuildPhase section */

/* Begin PBXShellScriptBuildPhase section */
		1757B6A551944EFFC2CA293F /* [CP] Copy Pods Resources */ = {
			isa = PBXShellScriptBuildPhase;
			buildActionMask = 2147483647;
			files = (
			);
			inputPaths = (
			);
			name = "[CP] Copy Pods Resources";
			outputPaths = (
			);
			runOnlyForDeploymentPostprocessing = 0;
			shellPath = /bin/sh;
			shellScript = "\"${SRCROOT}/Pods/Target Support Files/Pods-ChuckNorrisJokesMVVMTests/Pods-ChuckNorrisJokesMVVMTests-resources.sh\"\n";
			showEnvVarsInLog = 0;
		};
		20270DFA3AD61D81B1F69E1B /* [CP] Embed Pods Frameworks */ = {
			isa = PBXShellScriptBuildPhase;
			buildActionMask = 2147483647;
			files = (
			);
			inputPaths = (
			);
			name = "[CP] Embed Pods Frameworks";
			outputPaths = (
			);
			runOnlyForDeploymentPostprocessing = 0;
			shellPath = /bin/sh;
			shellScript = "\"${SRCROOT}/Pods/Target Support Files/Pods-ChuckNorrisJokesMVVMTests/Pods-ChuckNorrisJokesMVVMTests-frameworks.sh\"\n";
			showEnvVarsInLog = 0;
		};
		42EB39F0F1B9D5E56E2E2497 /* [CP] Check Pods Manifest.lock */ = {
			isa = PBXShellScriptBuildPhase;
			buildActionMask = 2147483647;
			files = (
			);
			inputPaths = (
			);
			name = "[CP] Check Pods Manifest.lock";
			outputPaths = (
			);
			runOnlyForDeploymentPostprocessing = 0;
			shellPath = /bin/sh;
			shellScript = "diff \"${PODS_PODFILE_DIR_PATH}/Podfile.lock\" \"${PODS_ROOT}/Manifest.lock\" > /dev/null\nif [ $? != 0 ] ; then\n    # print error to STDERR\n    echo \"error: The sandbox is not in sync with the Podfile.lock. Run 'pod install' or update your CocoaPods installation.\" >&2\n    exit 1\nfi\n";
			showEnvVarsInLog = 0;
		};
		56A13108FF77A3C73B040ABF /* [CP] Copy Pods Resources */ = {
			isa = PBXShellScriptBuildPhase;
			buildActionMask = 2147483647;
			files = (
			);
			inputPaths = (
			);
			name = "[CP] Copy Pods Resources";
			outputPaths = (
			);
			runOnlyForDeploymentPostprocessing = 0;
			shellPath = /bin/sh;
			shellScript = "\"${SRCROOT}/Pods/Target Support Files/Pods-ChuckNorrisJokesMVVMUITests/Pods-ChuckNorrisJokesMVVMUITests-resources.sh\"\n";
			showEnvVarsInLog = 0;
		};
		623CD2C061F0D6F485B8A465 /* [CP] Copy Pods Resources */ = {
			isa = PBXShellScriptBuildPhase;
			buildActionMask = 2147483647;
			files = (
			);
			inputPaths = (
			);
			name = "[CP] Copy Pods Resources";
			outputPaths = (
			);
			runOnlyForDeploymentPostprocessing = 0;
			shellPath = /bin/sh;
			shellScript = "\"${SRCROOT}/Pods/Target Support Files/Pods-ChuckNorrisJokesMVVM/Pods-ChuckNorrisJokesMVVM-resources.sh\"\n";
			showEnvVarsInLog = 0;
		};
		9E73E6DC86F46EF5B052A304 /* [CP] Check Pods Manifest.lock */ = {
			isa = PBXShellScriptBuildPhase;
			buildActionMask = 2147483647;
			files = (
			);
			inputPaths = (
			);
			name = "[CP] Check Pods Manifest.lock";
			outputPaths = (
			);
			runOnlyForDeploymentPostprocessing = 0;
			shellPath = /bin/sh;
			shellScript = "diff \"${PODS_PODFILE_DIR_PATH}/Podfile.lock\" \"${PODS_ROOT}/Manifest.lock\" > /dev/null\nif [ $? != 0 ] ; then\n    # print error to STDERR\n    echo \"error: The sandbox is not in sync with the Podfile.lock. Run 'pod install' or update your CocoaPods installation.\" >&2\n    exit 1\nfi\n";
			showEnvVarsInLog = 0;
		};
		A5215ABCA1E83774C5B7DBC9 /* [CP] Check Pods Manifest.lock */ = {
			isa = PBXShellScriptBuildPhase;
			buildActionMask = 2147483647;
			files = (
			);
			inputPaths = (
			);
			name = "[CP] Check Pods Manifest.lock";
			outputPaths = (
			);
			runOnlyForDeploymentPostprocessing = 0;
			shellPath = /bin/sh;
			shellScript = "diff \"${PODS_PODFILE_DIR_PATH}/Podfile.lock\" \"${PODS_ROOT}/Manifest.lock\" > /dev/null\nif [ $? != 0 ] ; then\n    # print error to STDERR\n    echo \"error: The sandbox is not in sync with the Podfile.lock. Run 'pod install' or update your CocoaPods installation.\" >&2\n    exit 1\nfi\n";
			showEnvVarsInLog = 0;
		};
		A87FB5A4FF28C7D07E44100F /* [CP] Embed Pods Frameworks */ = {
			isa = PBXShellScriptBuildPhase;
			buildActionMask = 2147483647;
			files = (
			);
			inputPaths = (
			);
			name = "[CP] Embed Pods Frameworks";
			outputPaths = (
			);
			runOnlyForDeploymentPostprocessing = 0;
			shellPath = /bin/sh;
			shellScript = "\"${SRCROOT}/Pods/Target Support Files/Pods-ChuckNorrisJokesMVVMUITests/Pods-ChuckNorrisJokesMVVMUITests-frameworks.sh\"\n";
			showEnvVarsInLog = 0;
		};
		F17B2891E56F40A1E5EBDDA8 /* [CP] Embed Pods Frameworks */ = {
			isa = PBXShellScriptBuildPhase;
			buildActionMask = 2147483647;
			files = (
			);
			inputPaths = (
			);
			name = "[CP] Embed Pods Frameworks";
			outputPaths = (
			);
			runOnlyForDeploymentPostprocessing = 0;
			shellPath = /bin/sh;
			shellScript = "\"${SRCROOT}/Pods/Target Support Files/Pods-ChuckNorrisJokesMVVM/Pods-ChuckNorrisJokesMVVM-frameworks.sh\"\n";
			showEnvVarsInLog = 0;
		};
/* End PBXShellScriptBuildPhase section */

/* Begin PBXSourcesBuildPhase section */
		F7ADAA571F1796D900F95520 /* Sources */ = {
			isa = PBXSourcesBuildPhase;
			buildActionMask = 2147483647;
			files = (
				F7ADAA611F1796D900F95520 /* JokesViewController.swift in Sources */,
				F7ADAA5F1F1796D900F95520 /* AppDelegate.swift in Sources */,
				F7E5BF131F18F30F0024562F /* JokesViewModel.swift in Sources */,
			);
			runOnlyForDeploymentPostprocessing = 0;
		};
		F7ADAA6B1F1796D900F95520 /* Sources */ = {
			isa = PBXSourcesBuildPhase;
			buildActionMask = 2147483647;
			files = (
				F7ADAA741F1796D900F95520 /* ChuckNorrisJokesMVVMTests.swift in Sources */,
			);
			runOnlyForDeploymentPostprocessing = 0;
		};
		F7ADAA761F1796D900F95520 /* Sources */ = {
			isa = PBXSourcesBuildPhase;
			buildActionMask = 2147483647;
			files = (
				F7ADAA7F1F1796D900F95520 /* ChuckNorrisJokesMVVMUITests.swift in Sources */,
			);
			runOnlyForDeploymentPostprocessing = 0;
		};
/* End PBXSourcesBuildPhase section */

/* Begin PBXTargetDependency section */
		F7ADAA711F1796D900F95520 /* PBXTargetDependency */ = {
			isa = PBXTargetDependency;
			target = F7ADAA5A1F1796D900F95520 /* ChuckNorrisJokesMVVM */;
			targetProxy = F7ADAA701F1796D900F95520 /* PBXContainerItemProxy */;
		};
		F7ADAA7C1F1796D900F95520 /* PBXTargetDependency */ = {
			isa = PBXTargetDependency;
			target = F7ADAA5A1F1796D900F95520 /* ChuckNorrisJokesMVVM */;
			targetProxy = F7ADAA7B1F1796D900F95520 /* PBXContainerItemProxy */;
		};
/* End PBXTargetDependency section */

/* Begin PBXVariantGroup section */
		F7ADAA621F1796D900F95520 /* Main.storyboard */ = {
			isa = PBXVariantGroup;
			children = (
				F7ADAA631F1796D900F95520 /* Base */,
			);
			name = Main.storyboard;
			path = .;
			sourceTree = "<group>";
		};
		F7ADAA671F1796D900F95520 /* LaunchScreen.storyboard */ = {
			isa = PBXVariantGroup;
			children = (
				F7ADAA681F1796D900F95520 /* Base */,
			);
			name = LaunchScreen.storyboard;
			path = .;
			sourceTree = "<group>";
		};
/* End PBXVariantGroup section */

/* Begin XCBuildConfiguration section */
		F7ADAA811F1796D900F95520 /* Debug */ = {
			isa = XCBuildConfiguration;
			buildSettings = {
				ALWAYS_SEARCH_USER_PATHS = NO;
				CLANG_ANALYZER_NONNULL = YES;
				CLANG_ANALYZER_NUMBER_OBJECT_CONVERSION = YES_AGGRESSIVE;
				CLANG_CXX_LANGUAGE_STANDARD = "gnu++0x";
				CLANG_CXX_LIBRARY = "libc++";
				CLANG_ENABLE_MODULES = YES;
				CLANG_ENABLE_OBJC_ARC = YES;
				CLANG_WARN_BOOL_CONVERSION = YES;
				CLANG_WARN_CONSTANT_CONVERSION = YES;
				CLANG_WARN_DIRECT_OBJC_ISA_USAGE = YES_ERROR;
				CLANG_WARN_DOCUMENTATION_COMMENTS = YES;
				CLANG_WARN_EMPTY_BODY = YES;
				CLANG_WARN_ENUM_CONVERSION = YES;
				CLANG_WARN_INFINITE_RECURSION = YES;
				CLANG_WARN_INT_CONVERSION = YES;
				CLANG_WARN_OBJC_ROOT_CLASS = YES_ERROR;
				CLANG_WARN_SUSPICIOUS_MOVE = YES;
				CLANG_WARN_UNREACHABLE_CODE = YES;
				CLANG_WARN__DUPLICATE_METHOD_MATCH = YES;
				"CODE_SIGN_IDENTITY[sdk=iphoneos*]" = "iPhone Developer";
				COPY_PHASE_STRIP = NO;
				DEBUG_INFORMATION_FORMAT = dwarf;
				ENABLE_STRICT_OBJC_MSGSEND = YES;
				ENABLE_TESTABILITY = YES;
				GCC_C_LANGUAGE_STANDARD = gnu99;
				GCC_DYNAMIC_NO_PIC = NO;
				GCC_NO_COMMON_BLOCKS = YES;
				GCC_OPTIMIZATION_LEVEL = 0;
				GCC_PREPROCESSOR_DEFINITIONS = (
					"DEBUG=1",
					"$(inherited)",
				);
				GCC_WARN_64_TO_32_BIT_CONVERSION = YES;
				GCC_WARN_ABOUT_RETURN_TYPE = YES_ERROR;
				GCC_WARN_UNDECLARED_SELECTOR = YES;
				GCC_WARN_UNINITIALIZED_AUTOS = YES_AGGRESSIVE;
				GCC_WARN_UNUSED_FUNCTION = YES;
				GCC_WARN_UNUSED_VARIABLE = YES;
				IPHONEOS_DEPLOYMENT_TARGET = 10.3;
				MTL_ENABLE_DEBUG_INFO = YES;
				ONLY_ACTIVE_ARCH = YES;
				SDKROOT = iphoneos;
				SWIFT_ACTIVE_COMPILATION_CONDITIONS = DEBUG;
				SWIFT_OPTIMIZATION_LEVEL = "-Onone";
				TARGETED_DEVICE_FAMILY = "1,2";
			};
			name = Debug;
		};
		F7ADAA821F1796D900F95520 /* Release */ = {
			isa = XCBuildConfiguration;
			buildSettings = {
				ALWAYS_SEARCH_USER_PATHS = NO;
				CLANG_ANALYZER_NONNULL = YES;
				CLANG_ANALYZER_NUMBER_OBJECT_CONVERSION = YES_AGGRESSIVE;
				CLANG_CXX_LANGUAGE_STANDARD = "gnu++0x";
				CLANG_CXX_LIBRARY = "libc++";
				CLANG_ENABLE_MODULES = YES;
				CLANG_ENABLE_OBJC_ARC = YES;
				CLANG_WARN_BOOL_CONVERSION = YES;
				CLANG_WARN_CONSTANT_CONVERSION = YES;
				CLANG_WARN_DIRECT_OBJC_ISA_USAGE = YES_ERROR;
				CLANG_WARN_DOCUMENTATION_COMMENTS = YES;
				CLANG_WARN_EMPTY_BODY = YES;
				CLANG_WARN_ENUM_CONVERSION = YES;
				CLANG_WARN_INFINITE_RECURSION = YES;
				CLANG_WARN_INT_CONVERSION = YES;
				CLANG_WARN_OBJC_ROOT_CLASS = YES_ERROR;
				CLANG_WARN_SUSPICIOUS_MOVE = YES;
				CLANG_WARN_UNREACHABLE_CODE = YES;
				CLANG_WARN__DUPLICATE_METHOD_MATCH = YES;
				"CODE_SIGN_IDENTITY[sdk=iphoneos*]" = "iPhone Developer";
				COPY_PHASE_STRIP = NO;
				DEBUG_INFORMATION_FORMAT = "dwarf-with-dsym";
				ENABLE_NS_ASSERTIONS = NO;
				ENABLE_STRICT_OBJC_MSGSEND = YES;
				GCC_C_LANGUAGE_STANDARD = gnu99;
				GCC_NO_COMMON_BLOCKS = YES;
				GCC_WARN_64_TO_32_BIT_CONVERSION = YES;
				GCC_WARN_ABOUT_RETURN_TYPE = YES_ERROR;
				GCC_WARN_UNDECLARED_SELECTOR = YES;
				GCC_WARN_UNINITIALIZED_AUTOS = YES_AGGRESSIVE;
				GCC_WARN_UNUSED_FUNCTION = YES;
				GCC_WARN_UNUSED_VARIABLE = YES;
				IPHONEOS_DEPLOYMENT_TARGET = 10.3;
				MTL_ENABLE_DEBUG_INFO = NO;
				SDKROOT = iphoneos;
				SWIFT_OPTIMIZATION_LEVEL = "-Owholemodule";
				TARGETED_DEVICE_FAMILY = "1,2";
				VALIDATE_PRODUCT = YES;
			};
			name = Release;
		};
		F7ADAA841F1796D900F95520 /* Debug */ = {
			isa = XCBuildConfiguration;
			baseConfigurationReference = 0250B607BD280A0A42D01271 /* Pods-ChuckNorrisJokesMVVM.debug.xcconfig */;
			buildSettings = {
				ASSETCATALOG_COMPILER_APPICON_NAME = AppIcon;
				INFOPLIST_FILE = ChuckNorrisJokesMVVM/Info.plist;
				LD_RUNPATH_SEARCH_PATHS = "$(inherited) @executable_path/Frameworks";
				PRODUCT_BUNDLE_IDENTIFIER = it.dindonkey.ChuckNorrisJokesMVVM;
				PRODUCT_NAME = "$(TARGET_NAME)";
				SWIFT_VERSION = 3.0;
			};
			name = Debug;
		};
		F7ADAA851F1796D900F95520 /* Release */ = {
			isa = XCBuildConfiguration;
			baseConfigurationReference = B3DEDF605FCCA56573F05934 /* Pods-ChuckNorrisJokesMVVM.release.xcconfig */;
			buildSettings = {
				ASSETCATALOG_COMPILER_APPICON_NAME = AppIcon;
				INFOPLIST_FILE = ChuckNorrisJokesMVVM/Info.plist;
				LD_RUNPATH_SEARCH_PATHS = "$(inherited) @executable_path/Frameworks";
				PRODUCT_BUNDLE_IDENTIFIER = it.dindonkey.ChuckNorrisJokesMVVM;
				PRODUCT_NAME = "$(TARGET_NAME)";
				SWIFT_VERSION = 3.0;
			};
			name = Release;
		};
		F7ADAA871F1796D900F95520 /* Debug */ = {
			isa = XCBuildConfiguration;
			baseConfigurationReference = 2F8CDFD7865CEA4ABC263493 /* Pods-ChuckNorrisJokesMVVMTests.debug.xcconfig */;
			buildSettings = {
				ALWAYS_EMBED_SWIFT_STANDARD_LIBRARIES = YES;
				BUNDLE_LOADER = "$(TEST_HOST)";
				INFOPLIST_FILE = ChuckNorrisJokesMVVMTests/Info.plist;
				LD_RUNPATH_SEARCH_PATHS = "$(inherited) @executable_path/Frameworks @loader_path/Frameworks";
				PRODUCT_BUNDLE_IDENTIFIER = it.dindonkey.ChuckNorrisJokesMVVMTests;
				PRODUCT_NAME = "$(TARGET_NAME)";
				SWIFT_VERSION = 3.0;
				TEST_HOST = "$(BUILT_PRODUCTS_DIR)/ChuckNorrisJokesMVVM.app/ChuckNorrisJokesMVVM";
			};
			name = Debug;
		};
		F7ADAA881F1796D900F95520 /* Release */ = {
			isa = XCBuildConfiguration;
			baseConfigurationReference = 2DDD7F8C54D24AFD670963D2 /* Pods-ChuckNorrisJokesMVVMTests.release.xcconfig */;
			buildSettings = {
				ALWAYS_EMBED_SWIFT_STANDARD_LIBRARIES = YES;
				BUNDLE_LOADER = "$(TEST_HOST)";
				INFOPLIST_FILE = ChuckNorrisJokesMVVMTests/Info.plist;
				LD_RUNPATH_SEARCH_PATHS = "$(inherited) @executable_path/Frameworks @loader_path/Frameworks";
				PRODUCT_BUNDLE_IDENTIFIER = it.dindonkey.ChuckNorrisJokesMVVMTests;
				PRODUCT_NAME = "$(TARGET_NAME)";
				SWIFT_VERSION = 3.0;
				TEST_HOST = "$(BUILT_PRODUCTS_DIR)/ChuckNorrisJokesMVVM.app/ChuckNorrisJokesMVVM";
			};
			name = Release;
		};
		F7ADAA8A1F1796D900F95520 /* Debug */ = {
			isa = XCBuildConfiguration;
			baseConfigurationReference = 1473DEE23882261F588316EA /* Pods-ChuckNorrisJokesMVVMUITests.debug.xcconfig */;
			buildSettings = {
				ALWAYS_EMBED_SWIFT_STANDARD_LIBRARIES = YES;
				INFOPLIST_FILE = ChuckNorrisJokesMVVMUITests/Info.plist;
				LD_RUNPATH_SEARCH_PATHS = "$(inherited) @executable_path/Frameworks @loader_path/Frameworks";
				PRODUCT_BUNDLE_IDENTIFIER = it.dindonkey.ChuckNorrisJokesMVVMUITests;
				PRODUCT_NAME = "$(TARGET_NAME)";
				SWIFT_VERSION = 3.0;
				TEST_TARGET_NAME = ChuckNorrisJokesMVVM;
			};
			name = Debug;
		};
		F7ADAA8B1F1796D900F95520 /* Release */ = {
			isa = XCBuildConfiguration;
			baseConfigurationReference = 7608F3082E33905388033BC6 /* Pods-ChuckNorrisJokesMVVMUITests.release.xcconfig */;
			buildSettings = {
				ALWAYS_EMBED_SWIFT_STANDARD_LIBRARIES = YES;
				INFOPLIST_FILE = ChuckNorrisJokesMVVMUITests/Info.plist;
				LD_RUNPATH_SEARCH_PATHS = "$(inherited) @executable_path/Frameworks @loader_path/Frameworks";
				PRODUCT_BUNDLE_IDENTIFIER = it.dindonkey.ChuckNorrisJokesMVVMUITests;
				PRODUCT_NAME = "$(TARGET_NAME)";
				SWIFT_VERSION = 3.0;
				TEST_TARGET_NAME = ChuckNorrisJokesMVVM;
			};
			name = Release;
		};
/* End XCBuildConfiguration section */

/* Begin XCConfigurationList section */
		F7ADAA561F1796D900F95520 /* Build configuration list for PBXProject "ChuckNorrisJokesMVVM" */ = {
			isa = XCConfigurationList;
			buildConfigurations = (
				F7ADAA811F1796D900F95520 /* Debug */,
				F7ADAA821F1796D900F95520 /* Release */,
			);
			defaultConfigurationIsVisible = 0;
			defaultConfigurationName = Release;
		};
		F7ADAA831F1796D900F95520 /* Build configuration list for PBXNativeTarget "ChuckNorrisJokesMVVM" */ = {
			isa = XCConfigurationList;
			buildConfigurations = (
				F7ADAA841F1796D900F95520 /* Debug */,
				F7ADAA851F1796D900F95520 /* Release */,
			);
			defaultConfigurationIsVisible = 0;
			defaultConfigurationName = Release;
		};
		F7ADAA861F1796D900F95520 /* Build configuration list for PBXNativeTarget "ChuckNorrisJokesMVVMTests" */ = {
			isa = XCConfigurationList;
			buildConfigurations = (
				F7ADAA871F1796D900F95520 /* Debug */,
				F7ADAA881F1796D900F95520 /* Release */,
			);
			defaultConfigurationIsVisible = 0;
			defaultConfigurationName = Release;
		};
		F7ADAA891F1796D900F95520 /* Build configuration list for PBXNativeTarget "ChuckNorrisJokesMVVMUITests" */ = {
			isa = XCConfigurationList;
			buildConfigurations = (
				F7ADAA8A1F1796D900F95520 /* Debug */,
				F7ADAA8B1F1796D900F95520 /* Release */,
			);
			defaultConfigurationIsVisible = 0;
			defaultConfigurationName = Release;
		};
/* End XCConfigurationList section */
	};
	rootObject = F7ADAA531F1796D900F95520 /* Project object */;
}
